// !$*UTF8*$!
{
	archiveVersion = 1;
	classes = {
	};
	objectVersion = 50;
	objects = {

/* Begin PBXBuildFile section */
		03FC6B7AEAF8452D202FAB43 /* Pods_LeisureMapTests.framework in Frameworks */ = {isa = PBXBuildFile; fileRef = B5AAE701FB71252B884E2C68 /* Pods_LeisureMapTests.framework */; };
		830484C4FA99728CBAFC4BDE /* Pods_LeisureMap.framework in Frameworks */ = {isa = PBXBuildFile; fileRef = C79D7A96734F7D04F9BFA3BB /* Pods_LeisureMap.framework */; };
		9C2D095759294AFB795C0C96 /* Pods_LeisureMapUITests.framework in Frameworks */ = {isa = PBXBuildFile; fileRef = A59D8F47D36DF299B655BAD7 /* Pods_LeisureMapUITests.framework */; };
		AD1D9BB72109617700DF30FB /* NetWorker.swift in Sources */ = {isa = PBXBuildFile; fileRef = AD1D9BB62109617700DF30FB /* NetWorker.swift */; };
		AD424216210858DB004FE984 /* MasterViewController.swift in Sources */ = {isa = PBXBuildFile; fileRef = AD424215210858DB004FE984 /* MasterViewController.swift */; };
		AD424218210858F4004FE984 /* DetailViewController.swift in Sources */ = {isa = PBXBuildFile; fileRef = AD424217210858F4004FE984 /* DetailViewController.swift */; };
		AD42421B21085919004FE984 /* MapViewController.swift in Sources */ = {isa = PBXBuildFile; fileRef = AD42421A21085919004FE984 /* MapViewController.swift */; };
		AD42421E2108594C004FE984 /* NoteViewController.swift in Sources */ = {isa = PBXBuildFile; fileRef = AD42421D2108594C004FE984 /* NoteViewController.swift */; };
		AD42E32B2105D7DB00A719A9 /* AppDelegate.swift in Sources */ = {isa = PBXBuildFile; fileRef = AD42E32A2105D7DB00A719A9 /* AppDelegate.swift */; };
		AD42E32D2105D7DB00A719A9 /* ViewController.swift in Sources */ = {isa = PBXBuildFile; fileRef = AD42E32C2105D7DB00A719A9 /* ViewController.swift */; };
		AD42E3302105D7DB00A719A9 /* Main.storyboard in Resources */ = {isa = PBXBuildFile; fileRef = AD42E32E2105D7DB00A719A9 /* Main.storyboard */; };
		AD42E3322105D7DC00A719A9 /* Assets.xcassets in Resources */ = {isa = PBXBuildFile; fileRef = AD42E3312105D7DC00A719A9 /* Assets.xcassets */; };
		AD42E3352105D7DC00A719A9 /* LaunchScreen.storyboard in Resources */ = {isa = PBXBuildFile; fileRef = AD42E3332105D7DC00A719A9 /* LaunchScreen.storyboard */; };
		AD42E3402105D7DC00A719A9 /* LeisureMapTests.swift in Sources */ = {isa = PBXBuildFile; fileRef = AD42E33F2105D7DC00A719A9 /* LeisureMapTests.swift */; };
		AD42E34B2105D7DC00A719A9 /* LeisureMapUITests.swift in Sources */ = {isa = PBXBuildFile; fileRef = AD42E34A2105D7DC00A719A9 /* LeisureMapUITests.swift */; };
		AD42E35C2105DC7F00A719A9 /* SplashViewController.swift in Sources */ = {isa = PBXBuildFile; fileRef = AD42E35B2105DC7F00A719A9 /* SplashViewController.swift */; };
		AD42E35E2105DCD300A719A9 /* LoginViewController.swift in Sources */ = {isa = PBXBuildFile; fileRef = AD42E35D2105DCD300A719A9 /* LoginViewController.swift */; };
		AD5B2535210AAA9B00F8595C /* ServiceCategory.swift in Sources */ = {isa = PBXBuildFile; fileRef = AD5B2534210AAA9B00F8595C /* ServiceCategory.swift */; };
		AD5B2537210AAB6200F8595C /* Store.swift in Sources */ = {isa = PBXBuildFile; fileRef = AD5B2536210AAB6200F8595C /* Store.swift */; };
		AD5B2539210ABF7E00F8595C /* SQLiteWorker.swift in Sources */ = {isa = PBXBuildFile; fileRef = AD5B2538210ABF7D00F8595C /* SQLiteWorker.swift */; };
		AD5B253C210AFFCD00F8595C /* ServiceCellView.swift in Sources */ = {isa = PBXBuildFile; fileRef = AD5B253B210AFFCD00F8595C /* ServiceCellView.swift */; };
		AD741CB12109CF3D00F07C6C /* FileWorker.swift in Sources */ = {isa = PBXBuildFile; fileRef = AD741CB02109CF3D00F07C6C /* FileWorker.swift */; };
		ADB29651210B09D60095E90F /* StoreCellView.swift in Sources */ = {isa = PBXBuildFile; fileRef = ADB29650210B09D60095E90F /* StoreCellView.swift */; };
/* End PBXBuildFile section */

/* Begin PBXContainerItemProxy section */
		AD42E33C2105D7DC00A719A9 /* PBXContainerItemProxy */ = {
			isa = PBXContainerItemProxy;
			containerPortal = AD42E31F2105D7DB00A719A9 /* Project object */;
			proxyType = 1;
			remoteGlobalIDString = AD42E3262105D7DB00A719A9;
			remoteInfo = LeisureMap;
		};
		AD42E3472105D7DC00A719A9 /* PBXContainerItemProxy */ = {
			isa = PBXContainerItemProxy;
			containerPortal = AD42E31F2105D7DB00A719A9 /* Project object */;
			proxyType = 1;
			remoteGlobalIDString = AD42E3262105D7DB00A719A9;
			remoteInfo = LeisureMap;
		};
/* End PBXContainerItemProxy section */

/* Begin PBXFileReference section */
		205871B92F0179F1BF2E24BE /* Pods-LeisureMapUITests.debug.xcconfig */ = {isa = PBXFileReference; includeInIndex = 1; lastKnownFileType = text.xcconfig; name = "Pods-LeisureMapUITests.debug.xcconfig"; path = "Pods/Target Support Files/Pods-LeisureMapUITests/Pods-LeisureMapUITests.debug.xcconfig"; sourceTree = "<group>"; };
		213B6658080D790ACDA6768A /* Pods-LeisureMap.debug.xcconfig */ = {isa = PBXFileReference; includeInIndex = 1; lastKnownFileType = text.xcconfig; name = "Pods-LeisureMap.debug.xcconfig"; path = "Pods/Target Support Files/Pods-LeisureMap/Pods-LeisureMap.debug.xcconfig"; sourceTree = "<group>"; };
		219B4A32BA60B992645533CA /* Pods-LeisureMapUITests.release.xcconfig */ = {isa = PBXFileReference; includeInIndex = 1; lastKnownFileType = text.xcconfig; name = "Pods-LeisureMapUITests.release.xcconfig"; path = "Pods/Target Support Files/Pods-LeisureMapUITests/Pods-LeisureMapUITests.release.xcconfig"; sourceTree = "<group>"; };
		401CEC689F45449439B0EB16 /* Pods-LeisureMapTests.release.xcconfig */ = {isa = PBXFileReference; includeInIndex = 1; lastKnownFileType = text.xcconfig; name = "Pods-LeisureMapTests.release.xcconfig"; path = "Pods/Target Support Files/Pods-LeisureMapTests/Pods-LeisureMapTests.release.xcconfig"; sourceTree = "<group>"; };
		5F693C383525364F2E8A6AEE /* Pods-LeisureMap.release.xcconfig */ = {isa = PBXFileReference; includeInIndex = 1; lastKnownFileType = text.xcconfig; name = "Pods-LeisureMap.release.xcconfig"; path = "Pods/Target Support Files/Pods-LeisureMap/Pods-LeisureMap.release.xcconfig"; sourceTree = "<group>"; };
		A59D8F47D36DF299B655BAD7 /* Pods_LeisureMapUITests.framework */ = {isa = PBXFileReference; explicitFileType = wrapper.framework; includeInIndex = 0; path = Pods_LeisureMapUITests.framework; sourceTree = BUILT_PRODUCTS_DIR; };
		AD1D9BB62109617700DF30FB /* NetWorker.swift */ = {isa = PBXFileReference; lastKnownFileType = sourcecode.swift; path = NetWorker.swift; sourceTree = "<group>"; };
		AD424215210858DB004FE984 /* MasterViewController.swift */ = {isa = PBXFileReference; lastKnownFileType = sourcecode.swift; path = MasterViewController.swift; sourceTree = "<group>"; };
		AD424217210858F4004FE984 /* DetailViewController.swift */ = {isa = PBXFileReference; lastKnownFileType = sourcecode.swift; path = DetailViewController.swift; sourceTree = "<group>"; };
		AD42421A21085919004FE984 /* MapViewController.swift */ = {isa = PBXFileReference; lastKnownFileType = sourcecode.swift; path = MapViewController.swift; sourceTree = "<group>"; };
		AD42421D2108594C004FE984 /* NoteViewController.swift */ = {isa = PBXFileReference; lastKnownFileType = sourcecode.swift; path = NoteViewController.swift; sourceTree = "<group>"; };
		AD42E3272105D7DB00A719A9 /* LeisureMap.app */ = {isa = PBXFileReference; explicitFileType = wrapper.application; includeInIndex = 0; path = LeisureMap.app; sourceTree = BUILT_PRODUCTS_DIR; };
		AD42E32A2105D7DB00A719A9 /* AppDelegate.swift */ = {isa = PBXFileReference; lastKnownFileType = sourcecode.swift; path = AppDelegate.swift; sourceTree = "<group>"; };
		AD42E32C2105D7DB00A719A9 /* ViewController.swift */ = {isa = PBXFileReference; lastKnownFileType = sourcecode.swift; path = ViewController.swift; sourceTree = "<group>"; };
		AD42E32F2105D7DB00A719A9 /* Base */ = {isa = PBXFileReference; lastKnownFileType = file.storyboard; name = Base; path = Base.lproj/Main.storyboard; sourceTree = "<group>"; };
		AD42E3312105D7DC00A719A9 /* Assets.xcassets */ = {isa = PBXFileReference; lastKnownFileType = folder.assetcatalog; path = Assets.xcassets; sourceTree = "<group>"; };
		AD42E3342105D7DC00A719A9 /* Base */ = {isa = PBXFileReference; lastKnownFileType = file.storyboard; name = Base; path = Base.lproj/LaunchScreen.storyboard; sourceTree = "<group>"; };
		AD42E3362105D7DC00A719A9 /* Info.plist */ = {isa = PBXFileReference; lastKnownFileType = text.plist.xml; path = Info.plist; sourceTree = "<group>"; };
		AD42E33B2105D7DC00A719A9 /* LeisureMapTests.xctest */ = {isa = PBXFileReference; explicitFileType = wrapper.cfbundle; includeInIndex = 0; path = LeisureMapTests.xctest; sourceTree = BUILT_PRODUCTS_DIR; };
		AD42E33F2105D7DC00A719A9 /* LeisureMapTests.swift */ = {isa = PBXFileReference; lastKnownFileType = sourcecode.swift; path = LeisureMapTests.swift; sourceTree = "<group>"; };
		AD42E3412105D7DC00A719A9 /* Info.plist */ = {isa = PBXFileReference; lastKnownFileType = text.plist.xml; path = Info.plist; sourceTree = "<group>"; };
		AD42E3462105D7DC00A719A9 /* LeisureMapUITests.xctest */ = {isa = PBXFileReference; explicitFileType = wrapper.cfbundle; includeInIndex = 0; path = LeisureMapUITests.xctest; sourceTree = BUILT_PRODUCTS_DIR; };
		AD42E34A2105D7DC00A719A9 /* LeisureMapUITests.swift */ = {isa = PBXFileReference; lastKnownFileType = sourcecode.swift; path = LeisureMapUITests.swift; sourceTree = "<group>"; };
		AD42E34C2105D7DC00A719A9 /* Info.plist */ = {isa = PBXFileReference; lastKnownFileType = text.plist.xml; path = Info.plist; sourceTree = "<group>"; };
		AD42E35B2105DC7F00A719A9 /* SplashViewController.swift */ = {isa = PBXFileReference; lastKnownFileType = sourcecode.swift; path = SplashViewController.swift; sourceTree = "<group>"; };
		AD42E35D2105DCD300A719A9 /* LoginViewController.swift */ = {isa = PBXFileReference; lastKnownFileType = sourcecode.swift; path = LoginViewController.swift; sourceTree = "<group>"; };
		AD5B2534210AAA9B00F8595C /* ServiceCategory.swift */ = {isa = PBXFileReference; lastKnownFileType = sourcecode.swift; path = ServiceCategory.swift; sourceTree = "<group>"; };
		AD5B2536210AAB6200F8595C /* Store.swift */ = {isa = PBXFileReference; lastKnownFileType = sourcecode.swift; path = Store.swift; sourceTree = "<group>"; };
		AD5B2538210ABF7D00F8595C /* SQLiteWorker.swift */ = {isa = PBXFileReference; fileEncoding = 4; lastKnownFileType = sourcecode.swift; path = SQLiteWorker.swift; sourceTree = "<group>"; };
		AD5B253B210AFFCD00F8595C /* ServiceCellView.swift */ = {isa = PBXFileReference; lastKnownFileType = sourcecode.swift; path = ServiceCellView.swift; sourceTree = "<group>"; };
		AD741CB02109CF3D00F07C6C /* FileWorker.swift */ = {isa = PBXFileReference; lastKnownFileType = sourcecode.swift; path = FileWorker.swift; sourceTree = "<group>"; };
		ADB29650210B09D60095E90F /* StoreCellView.swift */ = {isa = PBXFileReference; lastKnownFileType = sourcecode.swift; path = StoreCellView.swift; sourceTree = "<group>"; };
		B5AAE701FB71252B884E2C68 /* Pods_LeisureMapTests.framework */ = {isa = PBXFileReference; explicitFileType = wrapper.framework; includeInIndex = 0; path = Pods_LeisureMapTests.framework; sourceTree = BUILT_PRODUCTS_DIR; };
		C79D7A96734F7D04F9BFA3BB /* Pods_LeisureMap.framework */ = {isa = PBXFileReference; explicitFileType = wrapper.framework; includeInIndex = 0; path = Pods_LeisureMap.framework; sourceTree = BUILT_PRODUCTS_DIR; };
		CD087C6305B68F33A263546A /* Pods-LeisureMapTests.debug.xcconfig */ = {isa = PBXFileReference; includeInIndex = 1; lastKnownFileType = text.xcconfig; name = "Pods-LeisureMapTests.debug.xcconfig"; path = "Pods/Target Support Files/Pods-LeisureMapTests/Pods-LeisureMapTests.debug.xcconfig"; sourceTree = "<group>"; };
/* End PBXFileReference section */

/* Begin PBXFrameworksBuildPhase section */
		AD42E3242105D7DB00A719A9 /* Frameworks */ = {
			isa = PBXFrameworksBuildPhase;
			buildActionMask = 2147483647;
			files = (
				830484C4FA99728CBAFC4BDE /* Pods_LeisureMap.framework in Frameworks */,
			);
			runOnlyForDeploymentPostprocessing = 0;
		};
		AD42E3382105D7DC00A719A9 /* Frameworks */ = {
			isa = PBXFrameworksBuildPhase;
			buildActionMask = 2147483647;
			files = (
				03FC6B7AEAF8452D202FAB43 /* Pods_LeisureMapTests.framework in Frameworks */,
			);
			runOnlyForDeploymentPostprocessing = 0;
		};
		AD42E3432105D7DC00A719A9 /* Frameworks */ = {
			isa = PBXFrameworksBuildPhase;
			buildActionMask = 2147483647;
			files = (
				9C2D095759294AFB795C0C96 /* Pods_LeisureMapUITests.framework in Frameworks */,
			);
			runOnlyForDeploymentPostprocessing = 0;
		};
/* End PBXFrameworksBuildPhase section */

/* Begin PBXGroup section */
		60DEF5F6F8578D460E88E147 /* Frameworks */ = {
			isa = PBXGroup;
			children = (
				C79D7A96734F7D04F9BFA3BB /* Pods_LeisureMap.framework */,
				B5AAE701FB71252B884E2C68 /* Pods_LeisureMapTests.framework */,
				A59D8F47D36DF299B655BAD7 /* Pods_LeisureMapUITests.framework */,
			);
			name = Frameworks;
			sourceTree = "<group>";
		};
		AD1D9BB52109614400DF30FB /* Worker */ = {
			isa = PBXGroup;
			children = (
				AD5B2538210ABF7D00F8595C /* SQLiteWorker.swift */,
				AD1D9BB62109617700DF30FB /* NetWorker.swift */,
				AD741CB02109CF3D00F07C6C /* FileWorker.swift */,
			);
			path = Worker;
			sourceTree = "<group>";
		};
		AD4242142108588D004FE984 /* MasterDetail */ = {
			isa = PBXGroup;
			children = (
				AD5B253A210AFF5200F8595C /* CellView */,
				AD424215210858DB004FE984 /* MasterViewController.swift */,
				AD424217210858F4004FE984 /* DetailViewController.swift */,
			);
			path = MasterDetail;
			sourceTree = "<group>";
		};
		AD424219210858FF004FE984 /* MapFlow */ = {
			isa = PBXGroup;
			children = (
				AD42421A21085919004FE984 /* MapViewController.swift */,
			);
			path = MapFlow;
			sourceTree = "<group>";
		};
		AD42421C21085925004FE984 /* NoteFlow */ = {
			isa = PBXGroup;
			children = (
				AD42421D2108594C004FE984 /* NoteViewController.swift */,
			);
			path = NoteFlow;
			sourceTree = "<group>";
		};
		AD42E31E2105D7DB00A719A9 = {
			isa = PBXGroup;
			children = (
				AD42E3292105D7DB00A719A9 /* LeisureMap */,
				AD42E33E2105D7DC00A719A9 /* LeisureMapTests */,
				AD42E3492105D7DC00A719A9 /* LeisureMapUITests */,
				AD42E3282105D7DB00A719A9 /* Products */,
				F575F13D3460DF73BEE9EE3E /* Pods */,
				60DEF5F6F8578D460E88E147 /* Frameworks */,
			);
			sourceTree = "<group>";
		};
		AD42E3282105D7DB00A719A9 /* Products */ = {
			isa = PBXGroup;
			children = (
				AD42E3272105D7DB00A719A9 /* LeisureMap.app */,
				AD42E33B2105D7DC00A719A9 /* LeisureMapTests.xctest */,
				AD42E3462105D7DC00A719A9 /* LeisureMapUITests.xctest */,
			);
			name = Products;
			sourceTree = "<group>";
		};
		AD42E3292105D7DB00A719A9 /* LeisureMap */ = {
			isa = PBXGroup;
			children = (
				AD5B2533210AA9F600F8595C /* Model */,
				AD1D9BB52109614400DF30FB /* Worker */,
				AD42421C21085925004FE984 /* NoteFlow */,
				AD424219210858FF004FE984 /* MapFlow */,
				AD4242142108588D004FE984 /* MasterDetail */,
				AD42E35A2105DB4700A719A9 /* LoginFlow */,
				AD42E32A2105D7DB00A719A9 /* AppDelegate.swift */,
				AD42E32C2105D7DB00A719A9 /* ViewController.swift */,
				AD42E32E2105D7DB00A719A9 /* Main.storyboard */,
				AD42E3312105D7DC00A719A9 /* Assets.xcassets */,
				AD42E3332105D7DC00A719A9 /* LaunchScreen.storyboard */,
				AD42E3362105D7DC00A719A9 /* Info.plist */,
				AD42E35B2105DC7F00A719A9 /* SplashViewController.swift */,
			);
			path = LeisureMap;
			sourceTree = "<group>";
		};
		AD42E33E2105D7DC00A719A9 /* LeisureMapTests */ = {
			isa = PBXGroup;
			children = (
				AD42E33F2105D7DC00A719A9 /* LeisureMapTests.swift */,
				AD42E3412105D7DC00A719A9 /* Info.plist */,
			);
			path = LeisureMapTests;
			sourceTree = "<group>";
		};
		AD42E3492105D7DC00A719A9 /* LeisureMapUITests */ = {
			isa = PBXGroup;
			children = (
				AD42E34A2105D7DC00A719A9 /* LeisureMapUITests.swift */,
				AD42E34C2105D7DC00A719A9 /* Info.plist */,
			);
			path = LeisureMapUITests;
			sourceTree = "<group>";
		};
		AD42E35A2105DB4700A719A9 /* LoginFlow */ = {
			isa = PBXGroup;
			children = (
				AD42E35D2105DCD300A719A9 /* LoginViewController.swift */,
			);
			path = LoginFlow;
			sourceTree = "<group>";
		};
		AD5B2533210AA9F600F8595C /* Model */ = {
			isa = PBXGroup;
			children = (
				AD5B2534210AAA9B00F8595C /* ServiceCategory.swift */,
				AD5B2536210AAB6200F8595C /* Store.swift */,
			);
			path = Model;
			sourceTree = "<group>";
		};
		AD5B253A210AFF5200F8595C /* CellView */ = {
			isa = PBXGroup;
			children = (
				AD5B253B210AFFCD00F8595C /* ServiceCellView.swift */,
				ADB29650210B09D60095E90F /* StoreCellView.swift */,
			);
			path = CellView;
			sourceTree = "<group>";
		};
		F575F13D3460DF73BEE9EE3E /* Pods */ = {
			isa = PBXGroup;
			children = (
				213B6658080D790ACDA6768A /* Pods-LeisureMap.debug.xcconfig */,
				5F693C383525364F2E8A6AEE /* Pods-LeisureMap.release.xcconfig */,
				CD087C6305B68F33A263546A /* Pods-LeisureMapTests.debug.xcconfig */,
				401CEC689F45449439B0EB16 /* Pods-LeisureMapTests.release.xcconfig */,
				205871B92F0179F1BF2E24BE /* Pods-LeisureMapUITests.debug.xcconfig */,
				219B4A32BA60B992645533CA /* Pods-LeisureMapUITests.release.xcconfig */,
			);
			name = Pods;
			sourceTree = "<group>";
		};
/* End PBXGroup section */

/* Begin PBXNativeTarget section */
		AD42E3262105D7DB00A719A9 /* LeisureMap */ = {
			isa = PBXNativeTarget;
			buildConfigurationList = AD42E34F2105D7DC00A719A9 /* Build configuration list for PBXNativeTarget "LeisureMap" */;
			buildPhases = (
				771F23E6D993147890124FE1 /* [CP] Check Pods Manifest.lock */,
				AD42E3232105D7DB00A719A9 /* Sources */,
				AD42E3242105D7DB00A719A9 /* Frameworks */,
				AD42E3252105D7DB00A719A9 /* Resources */,
				8EF675611AC9D7D0C61118C6 /* [CP] Embed Pods Frameworks */,
			);
			buildRules = (
			);
			dependencies = (
			);
			name = LeisureMap;
			productName = LeisureMap;
			productReference = AD42E3272105D7DB00A719A9 /* LeisureMap.app */;
			productType = "com.apple.product-type.application";
		};
		AD42E33A2105D7DC00A719A9 /* LeisureMapTests */ = {
			isa = PBXNativeTarget;
			buildConfigurationList = AD42E3522105D7DC00A719A9 /* Build configuration list for PBXNativeTarget "LeisureMapTests" */;
			buildPhases = (
				E0242805DF547400B7E0DE18 /* [CP] Check Pods Manifest.lock */,
				AD42E3372105D7DC00A719A9 /* Sources */,
				AD42E3382105D7DC00A719A9 /* Frameworks */,
				AD42E3392105D7DC00A719A9 /* Resources */,
			);
			buildRules = (
			);
			dependencies = (
				AD42E33D2105D7DC00A719A9 /* PBXTargetDependency */,
			);
			name = LeisureMapTests;
			productName = LeisureMapTests;
			productReference = AD42E33B2105D7DC00A719A9 /* LeisureMapTests.xctest */;
			productType = "com.apple.product-type.bundle.unit-test";
		};
		AD42E3452105D7DC00A719A9 /* LeisureMapUITests */ = {
			isa = PBXNativeTarget;
			buildConfigurationList = AD42E3552105D7DC00A719A9 /* Build configuration list for PBXNativeTarget "LeisureMapUITests" */;
			buildPhases = (
				8BE5951A84700A20FF3CBEE2 /* [CP] Check Pods Manifest.lock */,
				AD42E3422105D7DC00A719A9 /* Sources */,
				AD42E3432105D7DC00A719A9 /* Frameworks */,
				AD42E3442105D7DC00A719A9 /* Resources */,
			);
			buildRules = (
			);
			dependencies = (
				AD42E3482105D7DC00A719A9 /* PBXTargetDependency */,
			);
			name = LeisureMapUITests;
			productName = LeisureMapUITests;
			productReference = AD42E3462105D7DC00A719A9 /* LeisureMapUITests.xctest */;
			productType = "com.apple.product-type.bundle.ui-testing";
		};
/* End PBXNativeTarget section */

/* Begin PBXProject section */
		AD42E31F2105D7DB00A719A9 /* Project object */ = {
			isa = PBXProject;
			attributes = {
				LastSwiftUpdateCheck = 0940;
				LastUpgradeCheck = 0940;
				ORGANIZATIONNAME = tripim;
				TargetAttributes = {
					AD42E3262105D7DB00A719A9 = {
						CreatedOnToolsVersion = 9.4;
					};
					AD42E33A2105D7DC00A719A9 = {
						CreatedOnToolsVersion = 9.4;
						TestTargetID = AD42E3262105D7DB00A719A9;
					};
					AD42E3452105D7DC00A719A9 = {
						CreatedOnToolsVersion = 9.4;
						TestTargetID = AD42E3262105D7DB00A719A9;
					};
				};
			};
			buildConfigurationList = AD42E3222105D7DB00A719A9 /* Build configuration list for PBXProject "LeisureMap" */;
			compatibilityVersion = "Xcode 9.3";
			developmentRegion = en;
			hasScannedForEncodings = 0;
			knownRegions = (
				en,
				Base,
			);
			mainGroup = AD42E31E2105D7DB00A719A9;
			productRefGroup = AD42E3282105D7DB00A719A9 /* Products */;
			projectDirPath = "";
			projectRoot = "";
			targets = (
				AD42E3262105D7DB00A719A9 /* LeisureMap */,
				AD42E33A2105D7DC00A719A9 /* LeisureMapTests */,
				AD42E3452105D7DC00A719A9 /* LeisureMapUITests */,
			);
		};
/* End PBXProject section */

/* Begin PBXResourcesBuildPhase section */
		AD42E3252105D7DB00A719A9 /* Resources */ = {
			isa = PBXResourcesBuildPhase;
			buildActionMask = 2147483647;
			files = (
				AD42E3352105D7DC00A719A9 /* LaunchScreen.storyboard in Resources */,
				AD42E3322105D7DC00A719A9 /* Assets.xcassets in Resources */,
				AD42E3302105D7DB00A719A9 /* Main.storyboard in Resources */,
			);
			runOnlyForDeploymentPostprocessing = 0;
		};
		AD42E3392105D7DC00A719A9 /* Resources */ = {
			isa = PBXResourcesBuildPhase;
			buildActionMask = 2147483647;
			files = (
			);
			runOnlyForDeploymentPostprocessing = 0;
		};
		AD42E3442105D7DC00A719A9 /* Resources */ = {
			isa = PBXResourcesBuildPhase;
			buildActionMask = 2147483647;
			files = (
			);
			runOnlyForDeploymentPostprocessing = 0;
		};
/* End PBXResourcesBuildPhase section */

/* Begin PBXShellScriptBuildPhase section */
		771F23E6D993147890124FE1 /* [CP] Check Pods Manifest.lock */ = {
			isa = PBXShellScriptBuildPhase;
			buildActionMask = 2147483647;
			files = (
			);
			inputPaths = (
				"${PODS_PODFILE_DIR_PATH}/Podfile.lock",
				"${PODS_ROOT}/Manifest.lock",
			);
			name = "[CP] Check Pods Manifest.lock";
			outputPaths = (
				"$(DERIVED_FILE_DIR)/Pods-LeisureMap-checkManifestLockResult.txt",
			);
			runOnlyForDeploymentPostprocessing = 0;
			shellPath = /bin/sh;
			shellScript = "diff \"${PODS_PODFILE_DIR_PATH}/Podfile.lock\" \"${PODS_ROOT}/Manifest.lock\" > /dev/null\nif [ $? != 0 ] ; then\n    # print error to STDERR\n    echo \"error: The sandbox is not in sync with the Podfile.lock. Run 'pod install' or update your CocoaPods installation.\" >&2\n    exit 1\nfi\n# This output is used by Xcode 'outputs' to avoid re-running this script phase.\necho \"SUCCESS\" > \"${SCRIPT_OUTPUT_FILE_0}\"\n";
			showEnvVarsInLog = 0;
		};
		8BE5951A84700A20FF3CBEE2 /* [CP] Check Pods Manifest.lock */ = {
			isa = PBXShellScriptBuildPhase;
			buildActionMask = 2147483647;
			files = (
			);
			inputPaths = (
				"${PODS_PODFILE_DIR_PATH}/Podfile.lock",
				"${PODS_ROOT}/Manifest.lock",
			);
			name = "[CP] Check Pods Manifest.lock";
			outputPaths = (
				"$(DERIVED_FILE_DIR)/Pods-LeisureMapUITests-checkManifestLockResult.txt",
			);
			runOnlyForDeploymentPostprocessing = 0;
			shellPath = /bin/sh;
			shellScript = "diff \"${PODS_PODFILE_DIR_PATH}/Podfile.lock\" \"${PODS_ROOT}/Manifest.lock\" > /dev/null\nif [ $? != 0 ] ; then\n    # print error to STDERR\n    echo \"error: The sandbox is not in sync with the Podfile.lock. Run 'pod install' or update your CocoaPods installation.\" >&2\n    exit 1\nfi\n# This output is used by Xcode 'outputs' to avoid re-running this script phase.\necho \"SUCCESS\" > \"${SCRIPT_OUTPUT_FILE_0}\"\n";
			showEnvVarsInLog = 0;
		};
		8EF675611AC9D7D0C61118C6 /* [CP] Embed Pods Frameworks */ = {
			isa = PBXShellScriptBuildPhase;
			buildActionMask = 2147483647;
			files = (
			);
			inputPaths = (
				"${SRCROOT}/Pods/Target Support Files/Pods-LeisureMap/Pods-LeisureMap-frameworks.sh",
				"${BUILT_PRODUCTS_DIR}/SQLite.swift/SQLite.framework",
				"${BUILT_PRODUCTS_DIR}/SwiftyJSON/SwiftyJSON.framework",
			);
			name = "[CP] Embed Pods Frameworks";
			outputPaths = (
				"${TARGET_BUILD_DIR}/${FRAMEWORKS_FOLDER_PATH}/SQLite.framework",
				"${TARGET_BUILD_DIR}/${FRAMEWORKS_FOLDER_PATH}/SwiftyJSON.framework",
			);
			runOnlyForDeploymentPostprocessing = 0;
			shellPath = /bin/sh;
			shellScript = "\"${SRCROOT}/Pods/Target Support Files/Pods-LeisureMap/Pods-LeisureMap-frameworks.sh\"\n";
			showEnvVarsInLog = 0;
		};
		E0242805DF547400B7E0DE18 /* [CP] Check Pods Manifest.lock */ = {
			isa = PBXShellScriptBuildPhase;
			buildActionMask = 2147483647;
			files = (
			);
			inputPaths = (
				"${PODS_PODFILE_DIR_PATH}/Podfile.lock",
				"${PODS_ROOT}/Manifest.lock",
			);
			name = "[CP] Check Pods Manifest.lock";
			outputPaths = (
				"$(DERIVED_FILE_DIR)/Pods-LeisureMapTests-checkManifestLockResult.txt",
			);
			runOnlyForDeploymentPostprocessing = 0;
			shellPath = /bin/sh;
			shellScript = "diff \"${PODS_PODFILE_DIR_PATH}/Podfile.lock\" \"${PODS_ROOT}/Manifest.lock\" > /dev/null\nif [ $? != 0 ] ; then\n    # print error to STDERR\n    echo \"error: The sandbox is not in sync with the Podfile.lock. Run 'pod install' or update your CocoaPods installation.\" >&2\n    exit 1\nfi\n# This output is used by Xcode 'outputs' to avoid re-running this script phase.\necho \"SUCCESS\" > \"${SCRIPT_OUTPUT_FILE_0}\"\n";
			showEnvVarsInLog = 0;
		};
/* End PBXShellScriptBuildPhase section */

/* Begin PBXSourcesBuildPhase section */
		AD42E3232105D7DB00A719A9 /* Sources */ = {
			isa = PBXSourcesBuildPhase;
			buildActionMask = 2147483647;
			files = (
				AD42421E2108594C004FE984 /* NoteViewController.swift in Sources */,
				AD5B2535210AAA9B00F8595C /* ServiceCategory.swift in Sources */,
				AD424216210858DB004FE984 /* MasterViewController.swift in Sources */,
				AD5B2537210AAB6200F8595C /* Store.swift in Sources */,
				AD42E35E2105DCD300A719A9 /* LoginViewController.swift in Sources */,
				ADB29651210B09D60095E90F /* StoreCellView.swift in Sources */,
				AD5B2539210ABF7E00F8595C /* SQLiteWorker.swift in Sources */,
				AD741CB12109CF3D00F07C6C /* FileWorker.swift in Sources */,
				AD42E35C2105DC7F00A719A9 /* SplashViewController.swift in Sources */,
				AD424218210858F4004FE984 /* DetailViewController.swift in Sources */,
				AD42E32D2105D7DB00A719A9 /* ViewController.swift in Sources */,
				AD42E32B2105D7DB00A719A9 /* AppDelegate.swift in Sources */,
				AD42421B21085919004FE984 /* MapViewController.swift in Sources */,
				AD5B253C210AFFCD00F8595C /* ServiceCellView.swift in Sources */,
				AD1D9BB72109617700DF30FB /* NetWorker.swift in Sources */,
			);
			runOnlyForDeploymentPostprocessing = 0;
		};
		AD42E3372105D7DC00A719A9 /* Sources */ = {
			isa = PBXSourcesBuildPhase;
			buildActionMask = 2147483647;
			files = (
				AD42E3402105D7DC00A719A9 /* LeisureMapTests.swift in Sources */,
			);
			runOnlyForDeploymentPostprocessing = 0;
		};
		AD42E3422105D7DC00A719A9 /* Sources */ = {
			isa = PBXSourcesBuildPhase;
			buildActionMask = 2147483647;
			files = (
				AD42E34B2105D7DC00A719A9 /* LeisureMapUITests.swift in Sources */,
			);
			runOnlyForDeploymentPostprocessing = 0;
		};
/* End PBXSourcesBuildPhase section */

/* Begin PBXTargetDependency section */
		AD42E33D2105D7DC00A719A9 /* PBXTargetDependency */ = {
			isa = PBXTargetDependency;
			target = AD42E3262105D7DB00A719A9 /* LeisureMap */;
			targetProxy = AD42E33C2105D7DC00A719A9 /* PBXContainerItemProxy */;
		};
		AD42E3482105D7DC00A719A9 /* PBXTargetDependency */ = {
			isa = PBXTargetDependency;
			target = AD42E3262105D7DB00A719A9 /* LeisureMap */;
			targetProxy = AD42E3472105D7DC00A719A9 /* PBXContainerItemProxy */;
		};
/* End PBXTargetDependency section */

/* Begin PBXVariantGroup section */
		AD42E32E2105D7DB00A719A9 /* Main.storyboard */ = {
			isa = PBXVariantGroup;
			children = (
				AD42E32F2105D7DB00A719A9 /* Base */,
			);
			name = Main.storyboard;
			sourceTree = "<group>";
		};
		AD42E3332105D7DC00A719A9 /* LaunchScreen.storyboard */ = {
			isa = PBXVariantGroup;
			children = (
				AD42E3342105D7DC00A719A9 /* Base */,
			);
			name = LaunchScreen.storyboard;
			sourceTree = "<group>";
		};
/* End PBXVariantGroup section */

/* Begin XCBuildConfiguration section */
		AD42E34D2105D7DC00A719A9 /* Debug */ = {
			isa = XCBuildConfiguration;
			buildSettings = {
				ALWAYS_SEARCH_USER_PATHS = NO;
				CLANG_ANALYZER_NONNULL = YES;
				CLANG_ANALYZER_NUMBER_OBJECT_CONVERSION = YES_AGGRESSIVE;
				CLANG_CXX_LANGUAGE_STANDARD = "gnu++14";
				CLANG_CXX_LIBRARY = "libc++";
				CLANG_ENABLE_MODULES = YES;
				CLANG_ENABLE_OBJC_ARC = YES;
				CLANG_ENABLE_OBJC_WEAK = YES;
				CLANG_WARN_BLOCK_CAPTURE_AUTORELEASING = YES;
				CLANG_WARN_BOOL_CONVERSION = YES;
				CLANG_WARN_COMMA = YES;
				CLANG_WARN_CONSTANT_CONVERSION = YES;
				CLANG_WARN_DEPRECATED_OBJC_IMPLEMENTATIONS = YES;
				CLANG_WARN_DIRECT_OBJC_ISA_USAGE = YES_ERROR;
				CLANG_WARN_DOCUMENTATION_COMMENTS = YES;
				CLANG_WARN_EMPTY_BODY = YES;
				CLANG_WARN_ENUM_CONVERSION = YES;
				CLANG_WARN_INFINITE_RECURSION = YES;
				CLANG_WARN_INT_CONVERSION = YES;
				CLANG_WARN_NON_LITERAL_NULL_CONVERSION = YES;
				CLANG_WARN_OBJC_IMPLICIT_RETAIN_SELF = YES;
				CLANG_WARN_OBJC_LITERAL_CONVERSION = YES;
				CLANG_WARN_OBJC_ROOT_CLASS = YES_ERROR;
				CLANG_WARN_RANGE_LOOP_ANALYSIS = YES;
				CLANG_WARN_STRICT_PROTOTYPES = YES;
				CLANG_WARN_SUSPICIOUS_MOVE = YES;
				CLANG_WARN_UNGUARDED_AVAILABILITY = YES_AGGRESSIVE;
				CLANG_WARN_UNREACHABLE_CODE = YES;
				CLANG_WARN__DUPLICATE_METHOD_MATCH = YES;
				CODE_SIGN_IDENTITY = "iPhone Developer";
				COPY_PHASE_STRIP = NO;
				DEBUG_INFORMATION_FORMAT = dwarf;
				ENABLE_STRICT_OBJC_MSGSEND = YES;
				ENABLE_TESTABILITY = YES;
				GCC_C_LANGUAGE_STANDARD = gnu11;
				GCC_DYNAMIC_NO_PIC = NO;
				GCC_NO_COMMON_BLOCKS = YES;
				GCC_OPTIMIZATION_LEVEL = 0;
				GCC_PREPROCESSOR_DEFINITIONS = (
					"DEBUG=1",
					"$(inherited)",
				);
				GCC_WARN_64_TO_32_BIT_CONVERSION = YES;
				GCC_WARN_ABOUT_RETURN_TYPE = YES_ERROR;
				GCC_WARN_UNDECLARED_SELECTOR = YES;
				GCC_WARN_UNINITIALIZED_AUTOS = YES_AGGRESSIVE;
				GCC_WARN_UNUSED_FUNCTION = YES;
				GCC_WARN_UNUSED_VARIABLE = YES;
				IPHONEOS_DEPLOYMENT_TARGET = 11.4;
				MTL_ENABLE_DEBUG_INFO = YES;
				ONLY_ACTIVE_ARCH = YES;
				SDKROOT = iphoneos;
				SWIFT_ACTIVE_COMPILATION_CONDITIONS = DEBUG;
				SWIFT_OPTIMIZATION_LEVEL = "-Onone";
			};
			name = Debug;
		};
		AD42E34E2105D7DC00A719A9 /* Release */ = {
			isa = XCBuildConfiguration;
			buildSettings = {
				ALWAYS_SEARCH_USER_PATHS = NO;
				CLANG_ANALYZER_NONNULL = YES;
				CLANG_ANALYZER_NUMBER_OBJECT_CONVERSION = YES_AGGRESSIVE;
				CLANG_CXX_LANGUAGE_STANDARD = "gnu++14";
				CLANG_CXX_LIBRARY = "libc++";
				CLANG_ENABLE_MODULES = YES;
				CLANG_ENABLE_OBJC_ARC = YES;
				CLANG_ENABLE_OBJC_WEAK = YES;
				CLANG_WARN_BLOCK_CAPTURE_AUTORELEASING = YES;
				CLANG_WARN_BOOL_CONVERSION = YES;
				CLANG_WARN_COMMA = YES;
				CLANG_WARN_CONSTANT_CONVERSION = YES;
				CLANG_WARN_DEPRECATED_OBJC_IMPLEMENTATIONS = YES;
				CLANG_WARN_DIRECT_OBJC_ISA_USAGE = YES_ERROR;
				CLANG_WARN_DOCUMENTATION_COMMENTS = YES;
				CLANG_WARN_EMPTY_BODY = YES;
				CLANG_WARN_ENUM_CONVERSION = YES;
				CLANG_WARN_INFINITE_RECURSION = YES;
				CLANG_WARN_INT_CONVERSION = YES;
				CLANG_WARN_NON_LITERAL_NULL_CONVERSION = YES;
				CLANG_WARN_OBJC_IMPLICIT_RETAIN_SELF = YES;
				CLANG_WARN_OBJC_LITERAL_CONVERSION = YES;
				CLANG_WARN_OBJC_ROOT_CLASS = YES_ERROR;
				CLANG_WARN_RANGE_LOOP_ANALYSIS = YES;
				CLANG_WARN_STRICT_PROTOTYPES = YES;
				CLANG_WARN_SUSPICIOUS_MOVE = YES;
				CLANG_WARN_UNGUARDED_AVAILABILITY = YES_AGGRESSIVE;
				CLANG_WARN_UNREACHABLE_CODE = YES;
				CLANG_WARN__DUPLICATE_METHOD_MATCH = YES;
				CODE_SIGN_IDENTITY = "iPhone Developer";
				COPY_PHASE_STRIP = NO;
				DEBUG_INFORMATION_FORMAT = "dwarf-with-dsym";
				ENABLE_NS_ASSERTIONS = NO;
				ENABLE_STRICT_OBJC_MSGSEND = YES;
				GCC_C_LANGUAGE_STANDARD = gnu11;
				GCC_NO_COMMON_BLOCKS = YES;
				GCC_WARN_64_TO_32_BIT_CONVERSION = YES;
				GCC_WARN_ABOUT_RETURN_TYPE = YES_ERROR;
				GCC_WARN_UNDECLARED_SELECTOR = YES;
				GCC_WARN_UNINITIALIZED_AUTOS = YES_AGGRESSIVE;
				GCC_WARN_UNUSED_FUNCTION = YES;
				GCC_WARN_UNUSED_VARIABLE = YES;
				IPHONEOS_DEPLOYMENT_TARGET = 11.4;
				MTL_ENABLE_DEBUG_INFO = NO;
				SDKROOT = iphoneos;
				SWIFT_COMPILATION_MODE = wholemodule;
				SWIFT_OPTIMIZATION_LEVEL = "-O";
				VALIDATE_PRODUCT = YES;
			};
			name = Release;
		};
		AD42E3502105D7DC00A719A9 /* Debug */ = {
			isa = XCBuildConfiguration;
			baseConfigurationReference = 213B6658080D790ACDA6768A /* Pods-LeisureMap.debug.xcconfig */;
			buildSettings = {
				ASSETCATALOG_COMPILER_APPICON_NAME = AppIcon;
				CODE_SIGN_STYLE = Automatic;
				DEVELOPMENT_TEAM = 3ADBG32J7L;
				INFOPLIST_FILE = LeisureMap/Info.plist;
				LD_RUNPATH_SEARCH_PATHS = (
					"$(inherited)",
					"@executable_path/Frameworks",
				);
				PRODUCT_BUNDLE_IDENTIFIER = com.tripim.LeisureMap;
				PRODUCT_NAME = "$(TARGET_NAME)";
				SWIFT_VERSION = 4.0;
				TARGETED_DEVICE_FAMILY = "1,2";
			};
			name = Debug;
		};
		AD42E3512105D7DC00A719A9 /* Release */ = {
			isa = XCBuildConfiguration;
			baseConfigurationReference = 5F693C383525364F2E8A6AEE /* Pods-LeisureMap.release.xcconfig */;
			buildSettings = {
				ASSETCATALOG_COMPILER_APPICON_NAME = AppIcon;
				CODE_SIGN_STYLE = Automatic;
				DEVELOPMENT_TEAM = 3ADBG32J7L;
				INFOPLIST_FILE = LeisureMap/Info.plist;
				LD_RUNPATH_SEARCH_PATHS = (
					"$(inherited)",
					"@executable_path/Frameworks",
				);
				PRODUCT_BUNDLE_IDENTIFIER = com.tripim.LeisureMap;
				PRODUCT_NAME = "$(TARGET_NAME)";
				SWIFT_VERSION = 4.0;
				TARGETED_DEVICE_FAMILY = "1,2";
			};
			name = Release;
		};
		AD42E3532105D7DC00A719A9 /* Debug */ = {
			isa = XCBuildConfiguration;
			baseConfigurationReference = CD087C6305B68F33A263546A /* Pods-LeisureMapTests.debug.xcconfig */;
			buildSettings = {
				ALWAYS_EMBED_SWIFT_STANDARD_LIBRARIES = YES;
				BUNDLE_LOADER = "$(TEST_HOST)";
				CODE_SIGN_STYLE = Automatic;
				DEVELOPMENT_TEAM = 3ADBG32J7L;
				INFOPLIST_FILE = LeisureMapTests/Info.plist;
				LD_RUNPATH_SEARCH_PATHS = (
					"$(inherited)",
					"@executable_path/Frameworks",
					"@loader_path/Frameworks",
				);
				PRODUCT_BUNDLE_IDENTIFIER = com.tripim.LeisureMapTests;
				PRODUCT_NAME = "$(TARGET_NAME)";
				SWIFT_VERSION = 4.0;
				TARGETED_DEVICE_FAMILY = "1,2";
				TEST_HOST = "$(BUILT_PRODUCTS_DIR)/LeisureMap.app/LeisureMap";
			};
			name = Debug;
		};
		AD42E3542105D7DC00A719A9 /* Release */ = {
			isa = XCBuildConfiguration;
			baseConfigurationReference = 401CEC689F45449439B0EB16 /* Pods-LeisureMapTests.release.xcconfig */;
			buildSettings = {
				ALWAYS_EMBED_SWIFT_STANDARD_LIBRARIES = YES;
				BUNDLE_LOADER = "$(TEST_HOST)";
				CODE_SIGN_STYLE = Automatic;
				DEVELOPMENT_TEAM = 3ADBG32J7L;
				INFOPLIST_FILE = LeisureMapTests/Info.plist;
				LD_RUNPATH_SEARCH_PATHS = (
					"$(inherited)",
					"@executable_path/Frameworks",
					"@loader_path/Frameworks",
				);
				PRODUCT_BUNDLE_IDENTIFIER = com.tripim.LeisureMapTests;
				PRODUCT_NAME = "$(TARGET_NAME)";
				SWIFT_VERSION = 4.0;
				TARGETED_DEVICE_FAMILY = "1,2";
				TEST_HOST = "$(BUILT_PRODUCTS_DIR)/LeisureMap.app/LeisureMap";
			};
			name = Release;
		};
		AD42E3562105D7DC00A719A9 /* Debug */ = {
			isa = XCBuildConfiguration;
			baseConfigurationReference = 205871B92F0179F1BF2E24BE /* Pods-LeisureMapUITests.debug.xcconfig */;
			buildSettings = {
				ALWAYS_EMBED_SWIFT_STANDARD_LIBRARIES = YES;
				CODE_SIGN_STYLE = Automatic;
				DEVELOPMENT_TEAM = 3ADBG32J7L;
				INFOPLIST_FILE = LeisureMapUITests/Info.plist;
				LD_RUNPATH_SEARCH_PATHS = (
					"$(inherited)",
					"@executable_path/Frameworks",
					"@loader_path/Frameworks",
				);
				PRODUCT_BUNDLE_IDENTIFIER = com.tripim.LeisureMapUITests;
				PRODUCT_NAME = "$(TARGET_NAME)";
				SWIFT_VERSION = 4.0;
				TARGETED_DEVICE_FAMILY = "1,2";
				TEST_TARGET_NAME = LeisureMap;
			};
			name = Debug;
		};
		AD42E3572105D7DC00A719A9 /* Release */ = {
			isa = XCBuildConfiguration;
			baseConfigurationReference = 219B4A32BA60B992645533CA /* Pods-LeisureMapUITests.release.xcconfig */;
			buildSettings = {
				ALWAYS_EMBED_SWIFT_STANDARD_LIBRARIES = YES;
				CODE_SIGN_STYLE = Automatic;
				DEVELOPMENT_TEAM = 3ADBG32J7L;
				INFOPLIST_FILE = LeisureMapUITests/Info.plist;
				LD_RUNPATH_SEARCH_PATHS = (
					"$(inherited)",
					"@executable_path/Frameworks",
					"@loader_path/Frameworks",
				);
				PRODUCT_BUNDLE_IDENTIFIER = com.tripim.LeisureMapUITests;
				PRODUCT_NAME = "$(TARGET_NAME)";
				SWIFT_VERSION = 4.0;
				TARGETED_DEVICE_FAMILY = "1,2";
				TEST_TARGET_NAME = LeisureMap;
			};
			name = Release;
		};
/* End XCBuildConfiguration section */

/* Begin XCConfigurationList section */
		AD42E3222105D7DB00A719A9 /* Build configuration list for PBXProject "LeisureMap" */ = {
			isa = XCConfigurationList;
			buildConfigurations = (
				AD42E34D2105D7DC00A719A9 /* Debug */,
				AD42E34E2105D7DC00A719A9 /* Release */,
			);
			defaultConfigurationIsVisible = 0;
			defaultConfigurationName = Release;
		};
		AD42E34F2105D7DC00A719A9 /* Build configuration list for PBXNativeTarget "LeisureMap" */ = {
			isa = XCConfigurationList;
			buildConfigurations = (
				AD42E3502105D7DC00A719A9 /* Debug */,
				AD42E3512105D7DC00A719A9 /* Release */,
			);
			defaultConfigurationIsVisible = 0;
			defaultConfigurationName = Release;
		};
		AD42E3522105D7DC00A719A9 /* Build configuration list for PBXNativeTarget "LeisureMapTests" */ = {
			isa = XCConfigurationList;
			buildConfigurations = (
				AD42E3532105D7DC00A719A9 /* Debug */,
				AD42E3542105D7DC00A719A9 /* Release */,
			);
			defaultConfigurationIsVisible = 0;
			defaultConfigurationName = Release;
		};
		AD42E3552105D7DC00A719A9 /* Build configuration list for PBXNativeTarget "LeisureMapUITests" */ = {
			isa = XCConfigurationList;
			buildConfigurations = (
				AD42E3562105D7DC00A719A9 /* Debug */,
				AD42E3572105D7DC00A719A9 /* Release */,
			);
			defaultConfigurationIsVisible = 0;
			defaultConfigurationName = Release;
		};
/* End XCConfigurationList section */
	};
	rootObject = AD42E31F2105D7DB00A719A9 /* Project object */;
}
